# This file was autogenerated by Stack.
# You should not edit this file by hand.
# For more information, please see the documentation at:
#   https://docs.haskellstack.org/en/stable/topics/lock_files

packages:
- completed:
    hackage: simplest-sqlite-0.1.1.1@sha256:72997afbb04c501a0e561b95403a4569ae7f250511e06e60a2288bfb8f105d06,1204
    pantry-tree:
      sha256: e9fa192603327af878e6e4d21ece8695c1c668899f264f92d34f7ba48d671157
      size: 618
  original:
    hackage: simplest-sqlite-0.1.1.1
- completed:
    commit: bc1670a7587a1550f8444e7e238084f0e3fd0aaa
    git: https://github.com/YoshikuniJujo/test_haskell
    name: try-nostr-event
    pantry-tree:
      sha256: bcbba21b117ab7e1c0bbde767c8f0d2198f3c03d20c5412ce70e1d49912f64bb
      size: 862
    subdir: themes/sns/nostr/try-nostr-event
    version: 0.1.0.0
  original:
    commit: bc1670a7587a1550f8444e7e238084f0e3fd0aaa
    git: https://github.com/YoshikuniJujo/test_haskell
    subdir: themes/sns/nostr/try-nostr-event
- completed:
    commit: bc1670a7587a1550f8444e7e238084f0e3fd0aaa
    git: https://github.com/YoshikuniJujo/test_haskell
    name: try-nostr-event-ng
    pantry-tree:
      sha256: caf523d9fb806a6e33f5c4fbf2c0b2bf0cf5ee1048e79784f8b600433f0d7dba
      size: 1100
    subdir: themes/sns/nostr/try-nostr-event-ng
    version: 0.1.0.0
  original:
    commit: bc1670a7587a1550f8444e7e238084f0e3fd0aaa
    git: https://github.com/YoshikuniJujo/test_haskell
    subdir: themes/sns/nostr/try-nostr-event-ng
- completed:
    commit: bc1670a7587a1550f8444e7e238084f0e3fd0aaa
    git: https://github.com/YoshikuniJujo/test_haskell
    name: try-uuid-v7-gen
    pantry-tree:
      sha256: 33f9767a2b820c3da3202d9ae1ebf6c6f14dac067d51388027f079379ffaacc9
      size: 576
    subdir: themes/uuid/try-uuid-v7-gen
    version: 0.1.0.0
  original:
    commit: bc1670a7587a1550f8444e7e238084f0e3fd0aaa
    git: https://github.com/YoshikuniJujo/test_haskell
    subdir: themes/uuid/try-uuid-v7-gen
snapshots:
- completed:
    sha256: 4b2c2cdefd5a75a7a22b0b4929680a42606dae74352ec5e4fa2a08956c8f5c9e
    size: 733110
    url: https://raw.githubusercontent.com/commercialhaskell/stackage-snapshots/master/nightly/2026/3/9.yaml
  original: nightly-2026-03-09
